
Microsoft Visual Studio Solution File, Format Version 12.00
# Visual Studio Version 17
VisualStudioVersion = 17.13.35828.75 d17.13
MinimumVisualStudioVersion = 10.0.40219.1
Project("{FAE04EC0-301F-11D3-BF4B-00C04F79EFBC}") = "Exercicio01", "Exercicio01\Exercicio01.csproj", "{DBF71652-29BC-4CB9-BA13-E3AE2032D7EE}"
EndProject
Project("{FAE04EC0-301F-11D3-BF4B-00C04F79EFBC}") = "Exercicio02", "Exercicio02\Exercicio02.csproj", "{38E1B4EB-4587-4B12-B28D-BBDB66E6FAF2}"
EndProject
Project("{FAE04EC0-301F-11D3-BF4B-00C04F79EFBC}") = "Exercicio03", "Exercicio03\Exercicio03.csproj", "{BA423BDB-DE6A-44E1-84FA-031F9CF9EEFF}"
EndProject
Project("{FAE04EC0-301F-11D3-BF4B-00C04F79EFBC}") = "Exercicio04", "Exercicio04\Exercicio04.csproj", "{F88150A4-601B-42DE-A7E6-0322762EE153}"
EndProject
Project("{FAE04EC0-301F-11D3-BF4B-00C04F79EFBC}") = "Exercicio05", "Exercicio05\Exercicio05.csproj", "{A737AE09-DD39-494E-B98A-1620D8CE3218}"
EndProject
Project("{FAE04EC0-301F-11D3-BF4B-00C04F79EFBC}") = "Exercicio06", "Exercicio06\Exercicio06.csproj", "{23A831D1-BD30-4EFB-A597-2E3B41A0A86C}"
EndProject
Project("{FAE04EC0-301F-11D3-BF4B-00C04F79EFBC}") = "Exercicio07", "Exercicio07\Exercicio07.csproj", "{BC73E487-E491-4EC9-BCC2-E159F25AEF05}"
EndProject
Project("{FAE04EC0-301F-11D3-BF4B-00C04F79EFBC}") = "Exercicio08", "Exercicio08\Exercicio08.csproj", "{651191B7-0244-46B8-BBE8-74D4B5798F92}"
EndProject
Project("{FAE04EC0-301F-11D3-BF4B-00C04F79EFBC}") = "Exercicio09", "Exercicio09\Exercicio09.csproj", "{253C2983-C0D3-410A-88D4-27AC58A01D04}"
EndProject
Project("{FAE04EC0-301F-11D3-BF4B-00C04F79EFBC}") = "Exercicio10", "Exercicio10\Exercicio10.csproj", "{14CF65B4-4C79-4D3A-8CF0-EE8DB9FC01ED}"
EndProject
Project("{FAE04EC0-301F-11D3-BF4B-00C04F79EFBC}") = "Exercicio11", "Exercicio11\Exercicio11.csproj", "{11FEB6E9-A20B-4D38-829B-689279447885}"
EndProject
Global
	GlobalSection(SolutionConfigurationPlatforms) = preSolution
		Debug|Any CPU = Debug|Any CPU
		Release|Any CPU = Release|Any CPU
	EndGlobalSection
	GlobalSection(ProjectConfigurationPlatforms) = postSolution
		{DBF71652-29BC-4CB9-BA13-E3AE2032D7EE}.Debug|Any CPU.ActiveCfg = Debug|Any CPU
		{DBF71652-29BC-4CB9-BA13-E3AE2032D7EE}.Debug|Any CPU.Build.0 = Debug|Any CPU
		{DBF71652-29BC-4CB9-BA13-E3AE2032D7EE}.Release|Any CPU.ActiveCfg = Release|Any CPU
		{DBF71652-29BC-4CB9-BA13-E3AE2032D7EE}.Release|Any CPU.Build.0 = Release|Any CPU
		{38E1B4EB-4587-4B12-B28D-BBDB66E6FAF2}.Debug|Any CPU.ActiveCfg = Debug|Any CPU
		{38E1B4EB-4587-4B12-B28D-BBDB66E6FAF2}.Debug|Any CPU.Build.0 = Debug|Any CPU
		{38E1B4EB-4587-4B12-B28D-BBDB66E6FAF2}.Release|Any CPU.ActiveCfg = Release|Any CPU
		{38E1B4EB-4587-4B12-B28D-BBDB66E6FAF2}.Release|Any CPU.Build.0 = Release|Any CPU
		{BA423BDB-DE6A-44E1-84FA-031F9CF9EEFF}.Debug|Any CPU.ActiveCfg = Debug|Any CPU
		{BA423BDB-DE6A-44E1-84FA-031F9CF9EEFF}.Debug|Any CPU.Build.0 = Debug|Any CPU
		{BA423BDB-DE6A-44E1-84FA-031F9CF9EEFF}.Release|Any CPU.ActiveCfg = Release|Any CPU
		{BA423BDB-DE6A-44E1-84FA-031F9CF9EEFF}.Release|Any CPU.Build.0 = Release|Any CPU
		{F88150A4-601B-42DE-A7E6-0322762EE153}.Debug|Any CPU.ActiveCfg = Debug|Any CPU
		{F88150A4-601B-42DE-A7E6-0322762EE153}.Debug|Any CPU.Build.0 = Debug|Any CPU
		{F88150A4-601B-42DE-A7E6-0322762EE153}.Release|Any CPU.ActiveCfg = Release|Any CPU
		{F88150A4-601B-42DE-A7E6-0322762EE153}.Release|Any CPU.Build.0 = Release|Any CPU
		{A737AE09-DD39-494E-B98A-1620D8CE3218}.Debug|Any CPU.ActiveCfg = Debug|Any CPU
		{A737AE09-DD39-494E-B98A-1620D8CE3218}.Debug|Any CPU.Build.0 = Debug|Any CPU
		{A737AE09-DD39-494E-B98A-1620D8CE3218}.Release|Any CPU.ActiveCfg = Release|Any CPU
		{A737AE09-DD39-494E-B98A-1620D8CE3218}.Release|Any CPU.Build.0 = Release|Any CPU
		{23A831D1-BD30-4EFB-A597-2E3B41A0A86C}.Debug|Any CPU.ActiveCfg = Debug|Any CPU
		{23A831D1-BD30-4EFB-A597-2E3B41A0A86C}.Debug|Any CPU.Build.0 = Debug|Any CPU
		{23A831D1-BD30-4EFB-A597-2E3B41A0A86C}.Release|Any CPU.ActiveCfg = Release|Any CPU
		{23A831D1-BD30-4EFB-A597-2E3B41A0A86C}.Release|Any CPU.Build.0 = Release|Any CPU
		{BC73E487-E491-4EC9-BCC2-E159F25AEF05}.Debug|Any CPU.ActiveCfg = Debug|Any CPU
		{BC73E487-E491-4EC9-BCC2-E159F25AEF05}.Debug|Any CPU.Build.0 = Debug|Any CPU
		{BC73E487-E491-4EC9-BCC2-E159F25AEF05}.Release|Any CPU.ActiveCfg = Release|Any CPU
		{BC73E487-E491-4EC9-BCC2-E159F25AEF05}.Release|Any CPU.Build.0 = Release|Any CPU
		{651191B7-0244-46B8-BBE8-74D4B5798F92}.Debug|Any CPU.ActiveCfg = Debug|Any CPU
		{651191B7-0244-46B8-BBE8-74D4B5798F92}.Debug|Any CPU.Build.0 = Debug|Any CPU
		{651191B7-0244-46B8-BBE8-74D4B5798F92}.Release|Any CPU.ActiveCfg = Release|Any CPU
		{651191B7-0244-46B8-BBE8-74D4B5798F92}.Release|Any CPU.Build.0 = Release|Any CPU
		{253C2983-C0D3-410A-88D4-27AC58A01D04}.Debug|Any CPU.ActiveCfg = Debug|Any CPU
		{253C2983-C0D3-410A-88D4-27AC58A01D04}.Debug|Any CPU.Build.0 = Debug|Any CPU
		{253C2983-C0D3-410A-88D4-27AC58A01D04}.Release|Any CPU.ActiveCfg = Release|Any CPU
		{253C2983-C0D3-410A-88D4-27AC58A01D04}.Release|Any CPU.Build.0 = Release|Any CPU
		{14CF65B4-4C79-4D3A-8CF0-EE8DB9FC01ED}.Debug|Any CPU.ActiveCfg = Debug|Any CPU
		{14CF65B4-4C79-4D3A-8CF0-EE8DB9FC01ED}.Debug|Any CPU.Build.0 = Debug|Any CPU
		{14CF65B4-4C79-4D3A-8CF0-EE8DB9FC01ED}.Release|Any CPU.ActiveCfg = Release|Any CPU
		{14CF65B4-4C79-4D3A-8CF0-EE8DB9FC01ED}.Release|Any CPU.Build.0 = Release|Any CPU
		{11FEB6E9-A20B-4D38-829B-689279447885}.Debug|Any CPU.ActiveCfg = Debug|Any CPU
		{11FEB6E9-A20B-4D38-829B-689279447885}.Debug|Any CPU.Build.0 = Debug|Any CPU
		{11FEB6E9-A20B-4D38-829B-689279447885}.Release|Any CPU.ActiveCfg = Release|Any CPU
		{11FEB6E9-A20B-4D38-829B-689279447885}.Release|Any CPU.Build.0 = Release|Any CPU
	EndGlobalSection
	GlobalSection(SolutionProperties) = preSolution
		HideSolutionNode = FALSE
	EndGlobalSection
	GlobalSection(ExtensibilityGlobals) = postSolution
		SolutionGuid = {9E4DB7EE-354E-4587-AEE8-A6447112A5E5}
	EndGlobalSection
EndGlobal
